
Microsoft Visual Studio Solution File, Format Version 12.00
# Visual Studio 15
Project("{FAE04EC0-301F-11D3-BF4B-00C04F79EFBC}") = "ArtifactAPI", "ArtifactAPI\ArtifactAPI.csproj", "{ADB9BC72-6DAC-4C51-AF5E-392A7C0426BF}"
EndProject
Global
	GlobalSection(SolutionConfigurationPlatforms) = preSolution
		Debug|Any CPU = Debug|Any CPU
		Release|Any CPU = Release|Any CPU
	EndGlobalSection
	GlobalSection(ProjectConfigurationPlatforms) = postSolution
		{ADB9BC72-6DAC-4C51-AF5E-392A7C0426BF}.Debug|Any CPU.ActiveCfg = Debug|Any CPU
		{ADB9BC72-6DAC-4C51-AF5E-392A7C0426BF}.Debug|Any CPU.Build.0 = Debug|Any CPU
		{ADB9BC72-6DAC-4C51-AF5E-392A7C0426BF}.Release|Any CPU.ActiveCfg = Release|Any CPU
		{ADB9BC72-6DAC-4C51-AF5E-392A7C0426BF}.Release|Any CPU.Build.0 = Release|Any CPU
	EndGlobalSection
EndGlobal
